// !$*UTF8*$!
{
	archiveVersion = 1;
	classes = {
	};
	objectVersion = 56;
	objects = {

/* Begin PBXBuildFile section */
		4F0AE9BC2ACE064100CC7BD6 /* YelpResponse.swift in Sources */ = {isa = PBXBuildFile; fileRef = 4F0AE9BB2ACE064100CC7BD6 /* YelpResponse.swift */; };
		4F0AE9BE2ACE071C00CC7BD6 /* SearchService.swift in Sources */ = {isa = PBXBuildFile; fileRef = 4F0AE9BD2ACE071C00CC7BD6 /* SearchService.swift */; };
		4F0AE9E32ACE1D4000CC7BD6 /* RowView.swift in Sources */ = {isa = PBXBuildFile; fileRef = 4F0AE9E22ACE1D4000CC7BD6 /* RowView.swift */; };
		4F54E8B42AC4DF2D00938577 /* ChooseyApp.swift in Sources */ = {isa = PBXBuildFile; fileRef = 4F54E8B32AC4DF2D00938577 /* ChooseyApp.swift */; };
		4F54E8B62AC4DF2D00938577 /* ContentView.swift in Sources */ = {isa = PBXBuildFile; fileRef = 4F54E8B52AC4DF2D00938577 /* ContentView.swift */; };
		4F54E8B82AC4DF2F00938577 /* Assets.xcassets in Resources */ = {isa = PBXBuildFile; fileRef = 4F54E8B72AC4DF2F00938577 /* Assets.xcassets */; };
		4F54E8BB2AC4DF2F00938577 /* Preview Assets.xcassets in Resources */ = {isa = PBXBuildFile; fileRef = 4F54E8BA2AC4DF2F00938577 /* Preview Assets.xcassets */; };
		4F54E8C32AC4DFE000938577 /* LocationManager.swift in Sources */ = {isa = PBXBuildFile; fileRef = 4F54E8C22AC4DFE000938577 /* LocationManager.swift */; };
		4F54E8C62AC4E03B00938577 /* RequestLocationView.swift in Sources */ = {isa = PBXBuildFile; fileRef = 4F54E8C52AC4E03B00938577 /* RequestLocationView.swift */; };
		4F54E8C92AC4E05600938577 /* SearchView.swift in Sources */ = {isa = PBXBuildFile; fileRef = 4F54E8C82AC4E05600938577 /* SearchView.swift */; };
		4F54E8CB2AC4E06100938577 /* SearchViewModel.swift in Sources */ = {isa = PBXBuildFile; fileRef = 4F54E8CA2AC4E06100938577 /* SearchViewModel.swift */; };
		4F8311732ADC948A0013FDB2 /* Convert.swift in Sources */ = {isa = PBXBuildFile; fileRef = 4F8311722ADC948A0013FDB2 /* Convert.swift */; };
		4FC605F82AF42AA9007385CE /* SearchLocation.swift in Sources */ = {isa = PBXBuildFile; fileRef = 4FC605F72AF42AA9007385CE /* SearchLocation.swift */; };
		4FC605FB2AF42BB5007385CE /* LocationSearchView.swift in Sources */ = {isa = PBXBuildFile; fileRef = 4FC605FA2AF42BB5007385CE /* LocationSearchView.swift */; };
		4FC605FD2AF42BFA007385CE /* LocationSearchViewModel.swift in Sources */ = {isa = PBXBuildFile; fileRef = 4FC605FC2AF42BFA007385CE /* LocationSearchViewModel.swift */; };
/* End PBXBuildFile section */

/* Begin PBXFileReference section */
		4F0AE9BB2ACE064100CC7BD6 /* YelpResponse.swift */ = {isa = PBXFileReference; lastKnownFileType = sourcecode.swift; path = YelpResponse.swift; sourceTree = "<group>"; };
		4F0AE9BD2ACE071C00CC7BD6 /* SearchService.swift */ = {isa = PBXFileReference; lastKnownFileType = sourcecode.swift; path = SearchService.swift; sourceTree = "<group>"; };
		4F0AE9E22ACE1D4000CC7BD6 /* RowView.swift */ = {isa = PBXFileReference; lastKnownFileType = sourcecode.swift; path = RowView.swift; sourceTree = "<group>"; };
		4F54E8B02AC4DF2D00938577 /* Choosey.app */ = {isa = PBXFileReference; explicitFileType = wrapper.application; includeInIndex = 0; path = Choosey.app; sourceTree = BUILT_PRODUCTS_DIR; };
		4F54E8B32AC4DF2D00938577 /* ChooseyApp.swift */ = {isa = PBXFileReference; lastKnownFileType = sourcecode.swift; path = ChooseyApp.swift; sourceTree = "<group>"; };
		4F54E8B52AC4DF2D00938577 /* ContentView.swift */ = {isa = PBXFileReference; lastKnownFileType = sourcecode.swift; path = ContentView.swift; sourceTree = "<group>"; };
		4F54E8B72AC4DF2F00938577 /* Assets.xcassets */ = {isa = PBXFileReference; lastKnownFileType = folder.assetcatalog; path = Assets.xcassets; sourceTree = "<group>"; };
		4F54E8BA2AC4DF2F00938577 /* Preview Assets.xcassets */ = {isa = PBXFileReference; lastKnownFileType = folder.assetcatalog; path = "Preview Assets.xcassets"; sourceTree = "<group>"; };
		4F54E8C22AC4DFE000938577 /* LocationManager.swift */ = {isa = PBXFileReference; lastKnownFileType = sourcecode.swift; path = LocationManager.swift; sourceTree = "<group>"; };
		4F54E8C52AC4E03B00938577 /* RequestLocationView.swift */ = {isa = PBXFileReference; lastKnownFileType = sourcecode.swift; path = RequestLocationView.swift; sourceTree = "<group>"; };
		4F54E8C82AC4E05600938577 /* SearchView.swift */ = {isa = PBXFileReference; lastKnownFileType = sourcecode.swift; path = SearchView.swift; sourceTree = "<group>"; };
		4F54E8CA2AC4E06100938577 /* SearchViewModel.swift */ = {isa = PBXFileReference; lastKnownFileType = sourcecode.swift; path = SearchViewModel.swift; sourceTree = "<group>"; };
		4F8311722ADC948A0013FDB2 /* Convert.swift */ = {isa = PBXFileReference; lastKnownFileType = sourcecode.swift; path = Convert.swift; sourceTree = "<group>"; };
		4FC605F72AF42AA9007385CE /* SearchLocation.swift */ = {isa = PBXFileReference; lastKnownFileType = sourcecode.swift; path = SearchLocation.swift; sourceTree = "<group>"; };
		4FC605FA2AF42BB5007385CE /* LocationSearchView.swift */ = {isa = PBXFileReference; lastKnownFileType = sourcecode.swift; path = LocationSearchView.swift; sourceTree = "<group>"; };
		4FC605FC2AF42BFA007385CE /* LocationSearchViewModel.swift */ = {isa = PBXFileReference; lastKnownFileType = sourcecode.swift; path = LocationSearchViewModel.swift; sourceTree = "<group>"; };
/* End PBXFileReference section */

/* Begin PBXFrameworksBuildPhase section */
		4F54E8AD2AC4DF2D00938577 /* Frameworks */ = {
			isa = PBXFrameworksBuildPhase;
			buildActionMask = 2147483647;
			files = (
			);
			runOnlyForDeploymentPostprocessing = 0;
		};
/* End PBXFrameworksBuildPhase section */

/* Begin PBXGroup section */
		4F54E8A72AC4DF2D00938577 = {
			isa = PBXGroup;
			children = (
				4F54E8B22AC4DF2D00938577 /* Choosey */,
				4F54E8B12AC4DF2D00938577 /* Products */,
			);
			sourceTree = "<group>";
		};
		4F54E8B12AC4DF2D00938577 /* Products */ = {
			isa = PBXGroup;
			children = (
				4F54E8B02AC4DF2D00938577 /* Choosey.app */,
			);
			name = Products;
			sourceTree = "<group>";
		};
		4F54E8B22AC4DF2D00938577 /* Choosey */ = {
			isa = PBXGroup;
			children = (
				4F54E8B32AC4DF2D00938577 /* ChooseyApp.swift */,
				4F54E8B52AC4DF2D00938577 /* ContentView.swift */,
				4F54E8C72AC4E04500938577 /* Search */,
				4F8311712ADC94700013FDB2 /* Helper */,
				4F54E8C42AC4E00300938577 /* Request Location */,
				4FC605F92AF42B8A007385CE /* Location Search */,
				4F54E8C12AC4DF9D00938577 /* Shared */,
				4F54E8B72AC4DF2F00938577 /* Assets.xcassets */,
				4F54E8B92AC4DF2F00938577 /* Preview Content */,
			);
			path = Choosey;
			sourceTree = "<group>";
		};
		4F54E8B92AC4DF2F00938577 /* Preview Content */ = {
			isa = PBXGroup;
			children = (
				4F54E8BA2AC4DF2F00938577 /* Preview Assets.xcassets */,
			);
			path = "Preview Content";
			sourceTree = "<group>";
		};
		4F54E8C12AC4DF9D00938577 /* Shared */ = {
			isa = PBXGroup;
			children = (
				4F54E8C22AC4DFE000938577 /* LocationManager.swift */,
				4F0AE9BB2ACE064100CC7BD6 /* YelpResponse.swift */,
				4FC605F72AF42AA9007385CE /* SearchLocation.swift */,
			);
			path = Shared;
			sourceTree = "<group>";
		};
		4F54E8C42AC4E00300938577 /* Request Location */ = {
			isa = PBXGroup;
			children = (
				4F54E8C52AC4E03B00938577 /* RequestLocationView.swift */,
			);
			path = "Request Location";
			sourceTree = "<group>";
		};
		4F54E8C72AC4E04500938577 /* Search */ = {
			isa = PBXGroup;
			children = (
				4F54E8C82AC4E05600938577 /* SearchView.swift */,
				4F0AE9E22ACE1D4000CC7BD6 /* RowView.swift */,
				4F54E8CA2AC4E06100938577 /* SearchViewModel.swift */,
				4F0AE9BD2ACE071C00CC7BD6 /* SearchService.swift */,
			);
			path = Search;
			sourceTree = "<group>";
		};
		4F8311712ADC94700013FDB2 /* Helper */ = {
			isa = PBXGroup;
			children = (
				4F8311722ADC948A0013FDB2 /* Convert.swift */,
			);
			path = Helper;
			sourceTree = "<group>";
		};
		4FC605F92AF42B8A007385CE /* Location Search */ = {
			isa = PBXGroup;
			children = (
				4FC605FA2AF42BB5007385CE /* LocationSearchView.swift */,
				4FC605FC2AF42BFA007385CE /* LocationSearchViewModel.swift */,
			);
			path = "Location Search";
			sourceTree = "<group>";
		};
/* End PBXGroup section */

/* Begin PBXNativeTarget section */
		4F54E8AF2AC4DF2D00938577 /* Choosey */ = {
			isa = PBXNativeTarget;
			buildConfigurationList = 4F54E8BE2AC4DF2F00938577 /* Build configuration list for PBXNativeTarget "Choosey" */;
			buildPhases = (
				4F54E8AC2AC4DF2D00938577 /* Sources */,
				4F54E8AD2AC4DF2D00938577 /* Frameworks */,
				4F54E8AE2AC4DF2D00938577 /* Resources */,
			);
			buildRules = (
			);
			dependencies = (
			);
			name = Choosey;
			productName = Choosey;
			productReference = 4F54E8B02AC4DF2D00938577 /* Choosey.app */;
			productType = "com.apple.product-type.application";
		};
/* End PBXNativeTarget section */

/* Begin PBXProject section */
		4F54E8A82AC4DF2D00938577 /* Project object */ = {
			isa = PBXProject;
			attributes = {
				BuildIndependentTargetsInParallel = 1;
				LastSwiftUpdateCheck = 1430;
				LastUpgradeCheck = 1430;
				TargetAttributes = {
					4F54E8AF2AC4DF2D00938577 = {
						CreatedOnToolsVersion = 14.3.1;
					};
				};
			};
			buildConfigurationList = 4F54E8AB2AC4DF2D00938577 /* Build configuration list for PBXProject "Choosey" */;
			compatibilityVersion = "Xcode 14.0";
			developmentRegion = en;
			hasScannedForEncodings = 0;
			knownRegions = (
				en,
				Base,
			);
			mainGroup = 4F54E8A72AC4DF2D00938577;
			productRefGroup = 4F54E8B12AC4DF2D00938577 /* Products */;
			projectDirPath = "";
			projectRoot = "";
			targets = (
				4F54E8AF2AC4DF2D00938577 /* Choosey */,
			);
		};
/* End PBXProject section */

/* Begin PBXResourcesBuildPhase section */
		4F54E8AE2AC4DF2D00938577 /* Resources */ = {
			isa = PBXResourcesBuildPhase;
			buildActionMask = 2147483647;
			files = (
				4F54E8BB2AC4DF2F00938577 /* Preview Assets.xcassets in Resources */,
				4F54E8B82AC4DF2F00938577 /* Assets.xcassets in Resources */,
			);
			runOnlyForDeploymentPostprocessing = 0;
		};
/* End PBXResourcesBuildPhase section */

/* Begin PBXSourcesBuildPhase section */
		4F54E8AC2AC4DF2D00938577 /* Sources */ = {
			isa = PBXSourcesBuildPhase;
			buildActionMask = 2147483647;
			files = (
				4F54E8CB2AC4E06100938577 /* SearchViewModel.swift in Sources */,
				4FC605FB2AF42BB5007385CE /* LocationSearchView.swift in Sources */,
				4F8311732ADC948A0013FDB2 /* Convert.swift in Sources */,
				4F54E8C92AC4E05600938577 /* SearchView.swift in Sources */,
				4FC605F82AF42AA9007385CE /* SearchLocation.swift in Sources */,
				4F54E8B62AC4DF2D00938577 /* ContentView.swift in Sources */,
				4F54E8C62AC4E03B00938577 /* RequestLocationView.swift in Sources */,
				4FC605FD2AF42BFA007385CE /* LocationSearchViewModel.swift in Sources */,
				4F0AE9E32ACE1D4000CC7BD6 /* RowView.swift in Sources */,
				4F0AE9BC2ACE064100CC7BD6 /* YelpResponse.swift in Sources */,
				4F0AE9BE2ACE071C00CC7BD6 /* SearchService.swift in Sources */,
				4F54E8B42AC4DF2D00938577 /* ChooseyApp.swift in Sources */,
				4F54E8C32AC4DFE000938577 /* LocationManager.swift in Sources */,
			);
			runOnlyForDeploymentPostprocessing = 0;
		};
/* End PBXSourcesBuildPhase section */

/* Begin XCBuildConfiguration section */
		4F54E8BC2AC4DF2F00938577 /* Debug */ = {
			isa = XCBuildConfiguration;
			buildSettings = {
				ALWAYS_SEARCH_USER_PATHS = NO;
				CLANG_ANALYZER_NONNULL = YES;
				CLANG_ANALYZER_NUMBER_OBJECT_CONVERSION = YES_AGGRESSIVE;
				CLANG_CXX_LANGUAGE_STANDARD = "gnu++20";
				CLANG_ENABLE_MODULES = YES;
				CLANG_ENABLE_OBJC_ARC = YES;
				CLANG_ENABLE_OBJC_WEAK = YES;
				CLANG_WARN_BLOCK_CAPTURE_AUTORELEASING = YES;
				CLANG_WARN_BOOL_CONVERSION = YES;
				CLANG_WARN_COMMA = YES;
				CLANG_WARN_CONSTANT_CONVERSION = YES;
				CLANG_WARN_DEPRECATED_OBJC_IMPLEMENTATIONS = YES;
				CLANG_WARN_DIRECT_OBJC_ISA_USAGE = YES_ERROR;
				CLANG_WARN_DOCUMENTATION_COMMENTS = YES;
				CLANG_WARN_EMPTY_BODY = YES;
				CLANG_WARN_ENUM_CONVERSION = YES;
				CLANG_WARN_INFINITE_RECURSION = YES;
				CLANG_WARN_INT_CONVERSION = YES;
				CLANG_WARN_NON_LITERAL_NULL_CONVERSION = YES;
				CLANG_WARN_OBJC_IMPLICIT_RETAIN_SELF = YES;
				CLANG_WARN_OBJC_LITERAL_CONVERSION = YES;
				CLANG_WARN_OBJC_ROOT_CLASS = YES_ERROR;
				CLANG_WARN_QUOTED_INCLUDE_IN_FRAMEWORK_HEADER = YES;
				CLANG_WARN_RANGE_LOOP_ANALYSIS = YES;
				CLANG_WARN_STRICT_PROTOTYPES = YES;
				CLANG_WARN_SUSPICIOUS_MOVE = YES;
				CLANG_WARN_UNGUARDED_AVAILABILITY = YES_AGGRESSIVE;
				CLANG_WARN_UNREACHABLE_CODE = YES;
				CLANG_WARN__DUPLICATE_METHOD_MATCH = YES;
				COPY_PHASE_STRIP = NO;
				DEBUG_INFORMATION_FORMAT = dwarf;
				ENABLE_STRICT_OBJC_MSGSEND = YES;
				ENABLE_TESTABILITY = YES;
				GCC_C_LANGUAGE_STANDARD = gnu11;
				GCC_DYNAMIC_NO_PIC = NO;
				GCC_NO_COMMON_BLOCKS = YES;
				GCC_OPTIMIZATION_LEVEL = 0;
				GCC_PREPROCESSOR_DEFINITIONS = (
					"DEBUG=1",
					"$(inherited)",
				);
				GCC_WARN_64_TO_32_BIT_CONVERSION = YES;
				GCC_WARN_ABOUT_RETURN_TYPE = YES_ERROR;
				GCC_WARN_UNDECLARED_SELECTOR = YES;
				GCC_WARN_UNINITIALIZED_AUTOS = YES_AGGRESSIVE;
				GCC_WARN_UNUSED_FUNCTION = YES;
				GCC_WARN_UNUSED_VARIABLE = YES;
				IPHONEOS_DEPLOYMENT_TARGET = 16.4;
				MTL_ENABLE_DEBUG_INFO = INCLUDE_SOURCE;
				MTL_FAST_MATH = YES;
				ONLY_ACTIVE_ARCH = YES;
				SDKROOT = iphoneos;
				SWIFT_ACTIVE_COMPILATION_CONDITIONS = DEBUG;
				SWIFT_OPTIMIZATION_LEVEL = "-Onone";
			};
			name = Debug;
		};
		4F54E8BD2AC4DF2F00938577 /* Release */ = {
			isa = XCBuildConfiguration;
			buildSettings = {
				ALWAYS_SEARCH_USER_PATHS = NO;
				CLANG_ANALYZER_NONNULL = YES;
				CLANG_ANALYZER_NUMBER_OBJECT_CONVERSION = YES_AGGRESSIVE;
				CLANG_CXX_LANGUAGE_STANDARD = "gnu++20";
				CLANG_ENABLE_MODULES = YES;
				CLANG_ENABLE_OBJC_ARC = YES;
				CLANG_ENABLE_OBJC_WEAK = YES;
				CLANG_WARN_BLOCK_CAPTURE_AUTORELEASING = YES;
				CLANG_WARN_BOOL_CONVERSION = YES;
				CLANG_WARN_COMMA = YES;
				CLANG_WARN_CONSTANT_CONVERSION = YES;
				CLANG_WARN_DEPRECATED_OBJC_IMPLEMENTATIONS = YES;
				CLANG_WARN_DIRECT_OBJC_ISA_USAGE = YES_ERROR;
				CLANG_WARN_DOCUMENTATION_COMMENTS = YES;
				CLANG_WARN_EMPTY_BODY = YES;
				CLANG_WARN_ENUM_CONVERSION = YES;
				CLANG_WARN_INFINITE_RECURSION = YES;
				CLANG_WARN_INT_CONVERSION = YES;
				CLANG_WARN_NON_LITERAL_NULL_CONVERSION = YES;
				CLANG_WARN_OBJC_IMPLICIT_RETAIN_SELF = YES;
				CLANG_WARN_OBJC_LITERAL_CONVERSION = YES;
				CLANG_WARN_OBJC_ROOT_CLASS = YES_ERROR;
				CLANG_WARN_QUOTED_INCLUDE_IN_FRAMEWORK_HEADER = YES;
				CLANG_WARN_RANGE_LOOP_ANALYSIS = YES;
				CLANG_WARN_STRICT_PROTOTYPES = YES;
				CLANG_WARN_SUSPICIOUS_MOVE = YES;
				CLANG_WARN_UNGUARDED_AVAILABILITY = YES_AGGRESSIVE;
				CLANG_WARN_UNREACHABLE_CODE = YES;
				CLANG_WARN__DUPLICATE_METHOD_MATCH = YES;
				COPY_PHASE_STRIP = NO;
				DEBUG_INFORMATION_FORMAT = "dwarf-with-dsym";
				ENABLE_NS_ASSERTIONS = NO;
				ENABLE_STRICT_OBJC_MSGSEND = YES;
				GCC_C_LANGUAGE_STANDARD = gnu11;
				GCC_NO_COMMON_BLOCKS = YES;
				GCC_WARN_64_TO_32_BIT_CONVERSION = YES;
				GCC_WARN_ABOUT_RETURN_TYPE = YES_ERROR;
				GCC_WARN_UNDECLARED_SELECTOR = YES;
				GCC_WARN_UNINITIALIZED_AUTOS = YES_AGGRESSIVE;
				GCC_WARN_UNUSED_FUNCTION = YES;
				GCC_WARN_UNUSED_VARIABLE = YES;
				IPHONEOS_DEPLOYMENT_TARGET = 16.4;
				MTL_ENABLE_DEBUG_INFO = NO;
				MTL_FAST_MATH = YES;
				SDKROOT = iphoneos;
				SWIFT_COMPILATION_MODE = wholemodule;
				SWIFT_OPTIMIZATION_LEVEL = "-O";
				VALIDATE_PRODUCT = YES;
			};
			name = Release;
		};
		4F54E8BF2AC4DF2F00938577 /* Debug */ = {
			isa = XCBuildConfiguration;
			buildSettings = {
				ASSETCATALOG_COMPILER_APPICON_NAME = AppIcon;
				ASSETCATALOG_COMPILER_GLOBAL_ACCENT_COLOR_NAME = AccentColor;
				CODE_SIGN_STYLE = Automatic;
				CURRENT_PROJECT_VERSION = 1;
				DEVELOPMENT_ASSET_PATHS = "\"Choosey/Preview Content\"";
				DEVELOPMENT_TEAM = 39ZHJ4P56S;
				ENABLE_PREVIEWS = YES;
				GENERATE_INFOPLIST_FILE = YES;
				INFOPLIST_KEY_NSLocationWhenInUseUsageDescription = "Please allow us to access your nearby restaurants";
				INFOPLIST_KEY_UIApplicationSceneManifest_Generation = YES;
				INFOPLIST_KEY_UIApplicationSupportsIndirectInputEvents = YES;
				INFOPLIST_KEY_UILaunchScreen_Generation = YES;
				INFOPLIST_KEY_UISupportedInterfaceOrientations_iPad = "UIInterfaceOrientationPortrait UIInterfaceOrientationPortraitUpsideDown UIInterfaceOrientationLandscapeLeft UIInterfaceOrientationLandscapeRight";
				INFOPLIST_KEY_UISupportedInterfaceOrientations_iPhone = "UIInterfaceOrientationPortrait UIInterfaceOrientationLandscapeLeft UIInterfaceOrientationLandscapeRight";
				LD_RUNPATH_SEARCH_PATHS = (
					"$(inherited)",
					"@executable_path/Frameworks",
				);
				MARKETING_VERSION = 1.0;
				PRODUCT_BUNDLE_IDENTIFIER = jackgeng.Choosey;
				PRODUCT_NAME = "$(TARGET_NAME)";
				SWIFT_EMIT_LOC_STRINGS = YES;
				SWIFT_VERSION = 5.0;
				TARGETED_DEVICE_FAMILY = "1,2";
			};
			name = Debug;
		};
		4F54E8C02AC4DF2F00938577 /* Release */ = {
			isa = XCBuildConfiguration;
			buildSettings = {
				ASSETCATALOG_COMPILER_APPICON_NAME = AppIcon;
				ASSETCATALOG_COMPILER_GLOBAL_ACCENT_COLOR_NAME = AccentColor;
				CODE_SIGN_STYLE = Automatic;
				CURRENT_PROJECT_VERSION = 1;
				DEVELOPMENT_ASSET_PATHS = "\"Choosey/Preview Content\"";
				DEVELOPMENT_TEAM = 39ZHJ4P56S;
				ENABLE_PREVIEWS = YES;
				GENERATE_INFOPLIST_FILE = YES;
				INFOPLIST_KEY_NSLocationWhenInUseUsageDescription = "Please allow us to access your nearby restaurants";
				INFOPLIST_KEY_UIApplicationSceneManifest_Generation = YES;
				INFOPLIST_KEY_UIApplicationSupportsIndirectInputEvents = YES;
				INFOPLIST_KEY_UILaunchScreen_Generation = YES;
				INFOPLIST_KEY_UISupportedInterfaceOrientations_iPad = "UIInterfaceOrientationPortrait UIInterfaceOrientationPortraitUpsideDown UIInterfaceOrientationLandscapeLeft UIInterfaceOrientationLandscapeRight";
				INFOPLIST_KEY_UISupportedInterfaceOrientations_iPhone = "UIInterfaceOrientationPortrait UIInterfaceOrientationLandscapeLeft UIInterfaceOrientationLandscapeRight";
				LD_RUNPATH_SEARCH_PATHS = (
					"$(inherited)",
					"@executable_path/Frameworks",
				);
				MARKETING_VERSION = 1.0;
				PRODUCT_BUNDLE_IDENTIFIER = jackgeng.Choosey;
				PRODUCT_NAME = "$(TARGET_NAME)";
				SWIFT_EMIT_LOC_STRINGS = YES;
				SWIFT_VERSION = 5.0;
				TARGETED_DEVICE_FAMILY = "1,2";
			};
			name = Release;
		};
/* End XCBuildConfiguration section */

/* Begin XCConfigurationList section */
		4F54E8AB2AC4DF2D00938577 /* Build configuration list for PBXProject "Choosey" */ = {
			isa = XCConfigurationList;
			buildConfigurations = (
				4F54E8BC2AC4DF2F00938577 /* Debug */,
				4F54E8BD2AC4DF2F00938577 /* Release */,
			);
			defaultConfigurationIsVisible = 0;
			defaultConfigurationName = Release;
		};
		4F54E8BE2AC4DF2F00938577 /* Build configuration list for PBXNativeTarget "Choosey" */ = {
			isa = XCConfigurationList;
			buildConfigurations = (
				4F54E8BF2AC4DF2F00938577 /* Debug */,
				4F54E8C02AC4DF2F00938577 /* Release */,
			);
			defaultConfigurationIsVisible = 0;
			defaultConfigurationName = Release;
		};
/* End XCConfigurationList section */
	};
	rootObject = 4F54E8A82AC4DF2D00938577 /* Project object */;
}
